
Microsoft Visual Studio Solution File, Format Version 12.00
# Visual Studio Version 17
VisualStudioVersion = 17.10.35013.160
MinimumVisualStudioVersion = 10.0.40219.1
Project("{9A19103F-16F7-4668-BE54-9A1E7A4F7556}") = "MyOwnUIProject", "MyOwnUIProject\MyOwnUIProject.csproj", "{48AAD081-5017-424D-AA35-18A4D89AFD58}"
EndProject
Project("{9A19103F-16F7-4668-BE54-9A1E7A4F7556}") = "Services", "ProductServices\Services.csproj", "{C7B95AAF-71CE-4772-9635-7725DEDC6C25}"
EndProject
Project("{9A19103F-16F7-4668-BE54-9A1E7A4F7556}") = "ServicesContract", "ProductServicesContract\ServicesContract.csproj", "{E2F3D4D5-89BC-426E-893B-1FCCEB940FB7}"
EndProject
Project("{9A19103F-16F7-4668-BE54-9A1E7A4F7556}") = "DTOs", "DTOs\DTOs.csproj", "{A50CCE53-C159-44F9-AA06-663E3DBE7497}"
EndProject
Project("{9A19103F-16F7-4668-BE54-9A1E7A4F7556}") = "Entities", "Entities\Entities.csproj", "{DB0AB1D1-65DD-4FA6-881C-8E4F3E88A87C}"
EndProject
Global
	GlobalSection(SolutionConfigurationPlatforms) = preSolution
		Debug|Any CPU = Debug|Any CPU
		Release|Any CPU = Release|Any CPU
	EndGlobalSection
	GlobalSection(ProjectConfigurationPlatforms) = postSolution
		{48AAD081-5017-424D-AA35-18A4D89AFD58}.Debug|Any CPU.ActiveCfg = Debug|Any CPU
		{48AAD081-5017-424D-AA35-18A4D89AFD58}.Debug|Any CPU.Build.0 = Debug|Any CPU
		{48AAD081-5017-424D-AA35-18A4D89AFD58}.Release|Any CPU.ActiveCfg = Release|Any CPU
		{48AAD081-5017-424D-AA35-18A4D89AFD58}.Release|Any CPU.Build.0 = Release|Any CPU
		{C7B95AAF-71CE-4772-9635-7725DEDC6C25}.Debug|Any CPU.ActiveCfg = Debug|Any CPU
		{C7B95AAF-71CE-4772-9635-7725DEDC6C25}.Debug|Any CPU.Build.0 = Debug|Any CPU
		{C7B95AAF-71CE-4772-9635-7725DEDC6C25}.Release|Any CPU.ActiveCfg = Release|Any CPU
		{C7B95AAF-71CE-4772-9635-7725DEDC6C25}.Release|Any CPU.Build.0 = Release|Any CPU
		{E2F3D4D5-89BC-426E-893B-1FCCEB940FB7}.Debug|Any CPU.ActiveCfg = Debug|Any CPU
		{E2F3D4D5-89BC-426E-893B-1FCCEB940FB7}.Debug|Any CPU.Build.0 = Debug|Any CPU
		{E2F3D4D5-89BC-426E-893B-1FCCEB940FB7}.Release|Any CPU.ActiveCfg = Release|Any CPU
		{E2F3D4D5-89BC-426E-893B-1FCCEB940FB7}.Release|Any CPU.Build.0 = Release|Any CPU
		{A50CCE53-C159-44F9-AA06-663E3DBE7497}.Debug|Any CPU.ActiveCfg = Debug|Any CPU
		{A50CCE53-C159-44F9-AA06-663E3DBE7497}.Debug|Any CPU.Build.0 = Debug|Any CPU
		{A50CCE53-C159-44F9-AA06-663E3DBE7497}.Release|Any CPU.ActiveCfg = Release|Any CPU
		{A50CCE53-C159-44F9-AA06-663E3DBE7497}.Release|Any CPU.Build.0 = Release|Any CPU
		{DB0AB1D1-65DD-4FA6-881C-8E4F3E88A87C}.Debug|Any CPU.ActiveCfg = Debug|Any CPU
		{DB0AB1D1-65DD-4FA6-881C-8E4F3E88A87C}.Debug|Any CPU.Build.0 = Debug|Any CPU
		{DB0AB1D1-65DD-4FA6-881C-8E4F3E88A87C}.Release|Any CPU.ActiveCfg = Release|Any CPU
		{DB0AB1D1-65DD-4FA6-881C-8E4F3E88A87C}.Release|Any CPU.Build.0 = Release|Any CPU
	EndGlobalSection
	GlobalSection(SolutionProperties) = preSolution
		HideSolutionNode = FALSE
	EndGlobalSection
	GlobalSection(ExtensibilityGlobals) = postSolution
		SolutionGuid = {CC03EB82-8D51-457C-971B-AB7ABC5F0ABC}
	EndGlobalSection
EndGlobal
